
Microsoft Visual Studio Solution File, Format Version 12.00
# Visual Studio Version 17
VisualStudioVersion = 17.7.34202.233
MinimumVisualStudioVersion = 10.0.40219.1
Project("{FAE04EC0-301F-11D3-BF4B-00C04F79EFBC}") = "DesafioParte4", "DesafioParte4\DesafioParte4.csproj", "{D2CE0907-3869-4114-9913-10C42B669036}"
EndProject
Global
	GlobalSection(SolutionConfigurationPlatforms) = preSolution
		Debug|Any CPU = Debug|Any CPU
		Release|Any CPU = Release|Any CPU
	EndGlobalSection
	GlobalSection(ProjectConfigurationPlatforms) = postSolution
		{D2CE0907-3869-4114-9913-10C42B669036}.Debug|Any CPU.ActiveCfg = Debug|Any CPU
		{D2CE0907-3869-4114-9913-10C42B669036}.Debug|Any CPU.Build.0 = Debug|Any CPU
		{D2CE0907-3869-4114-9913-10C42B669036}.Release|Any CPU.ActiveCfg = Release|Any CPU
		{D2CE0907-3869-4114-9913-10C42B669036}.Release|Any CPU.Build.0 = Release|Any CPU
	EndGlobalSection
	GlobalSection(SolutionProperties) = preSolution
		HideSolutionNode = FALSE
	EndGlobalSection
	GlobalSection(ExtensibilityGlobals) = postSolution
		SolutionGuid = {F5437016-EB76-404B-8DDB-0DCEC3BB285F}
	EndGlobalSection
EndGlobal
